// !$*UTF8*$!
{
	archiveVersion = 1;
	classes = {
	};
	objectVersion = 56;
	objects = {

/* Begin PBXBuildFile section */
		2715B6F92B4B54B000560968 /* MemoryGame.swift in Sources */ = {isa = PBXBuildFile; fileRef = 2715B6F82B4B54B000560968 /* MemoryGame.swift */; };
		2715B6FB2B4B574200560968 /* EmojiMemoryGame.swift in Sources */ = {isa = PBXBuildFile; fileRef = 2715B6FA2B4B574200560968 /* EmojiMemoryGame.swift */; };
		2738EB512AF6D3CB00AFBFD7 /* MemorizeApp.swift in Sources */ = {isa = PBXBuildFile; fileRef = 2738EB502AF6D3CB00AFBFD7 /* MemorizeApp.swift */; };
		2738EB532AF6D3CB00AFBFD7 /* EmojiMemoryGameView.swift in Sources */ = {isa = PBXBuildFile; fileRef = 2738EB522AF6D3CB00AFBFD7 /* EmojiMemoryGameView.swift */; };
		2738EB552AF6D3CC00AFBFD7 /* Assets.xcassets in Resources */ = {isa = PBXBuildFile; fileRef = 2738EB542AF6D3CC00AFBFD7 /* Assets.xcassets */; };
		2738EB582AF6D3CC00AFBFD7 /* Preview Assets.xcassets in Resources */ = {isa = PBXBuildFile; fileRef = 2738EB572AF6D3CC00AFBFD7 /* Preview Assets.xcassets */; };
		2738EB622AF6D3CC00AFBFD7 /* MemorizeTests.swift in Sources */ = {isa = PBXBuildFile; fileRef = 2738EB612AF6D3CC00AFBFD7 /* MemorizeTests.swift */; };
		2738EB6C2AF6D3CC00AFBFD7 /* MemorizeUITests.swift in Sources */ = {isa = PBXBuildFile; fileRef = 2738EB6B2AF6D3CC00AFBFD7 /* MemorizeUITests.swift */; };
		2738EB6E2AF6D3CC00AFBFD7 /* MemorizeUITestsLaunchTests.swift in Sources */ = {isa = PBXBuildFile; fileRef = 2738EB6D2AF6D3CC00AFBFD7 /* MemorizeUITestsLaunchTests.swift */; };
/* End PBXBuildFile section */

/* Begin PBXContainerItemProxy section */
		2738EB5E2AF6D3CC00AFBFD7 /* PBXContainerItemProxy */ = {
			isa = PBXContainerItemProxy;
			containerPortal = 2738EB452AF6D3CB00AFBFD7 /* Project object */;
			proxyType = 1;
			remoteGlobalIDString = 2738EB4C2AF6D3CB00AFBFD7;
			remoteInfo = Memorize;
		};
		2738EB682AF6D3CC00AFBFD7 /* PBXContainerItemProxy */ = {
			isa = PBXContainerItemProxy;
			containerPortal = 2738EB452AF6D3CB00AFBFD7 /* Project object */;
			proxyType = 1;
			remoteGlobalIDString = 2738EB4C2AF6D3CB00AFBFD7;
			remoteInfo = Memorize;
		};
/* End PBXContainerItemProxy section */

/* Begin PBXFileReference section */
		2715B6F82B4B54B000560968 /* MemoryGame.swift */ = {isa = PBXFileReference; lastKnownFileType = sourcecode.swift; path = MemoryGame.swift; sourceTree = "<group>"; };
		2715B6FA2B4B574200560968 /* EmojiMemoryGame.swift */ = {isa = PBXFileReference; lastKnownFileType = sourcecode.swift; path = EmojiMemoryGame.swift; sourceTree = "<group>"; };
		2738EB4D2AF6D3CB00AFBFD7 /* Memorize.app */ = {isa = PBXFileReference; explicitFileType = wrapper.application; includeInIndex = 0; path = Memorize.app; sourceTree = BUILT_PRODUCTS_DIR; };
		2738EB502AF6D3CB00AFBFD7 /* MemorizeApp.swift */ = {isa = PBXFileReference; lastKnownFileType = sourcecode.swift; path = MemorizeApp.swift; sourceTree = "<group>"; };
		2738EB522AF6D3CB00AFBFD7 /* EmojiMemoryGameView.swift */ = {isa = PBXFileReference; lastKnownFileType = sourcecode.swift; path = EmojiMemoryGameView.swift; sourceTree = "<group>"; };
		2738EB542AF6D3CC00AFBFD7 /* Assets.xcassets */ = {isa = PBXFileReference; lastKnownFileType = folder.assetcatalog; path = Assets.xcassets; sourceTree = "<group>"; };
		2738EB572AF6D3CC00AFBFD7 /* Preview Assets.xcassets */ = {isa = PBXFileReference; lastKnownFileType = folder.assetcatalog; path = "Preview Assets.xcassets"; sourceTree = "<group>"; };
		2738EB5D2AF6D3CC00AFBFD7 /* MemorizeTests.xctest */ = {isa = PBXFileReference; explicitFileType = wrapper.cfbundle; includeInIndex = 0; path = MemorizeTests.xctest; sourceTree = BUILT_PRODUCTS_DIR; };
		2738EB612AF6D3CC00AFBFD7 /* MemorizeTests.swift */ = {isa = PBXFileReference; lastKnownFileType = sourcecode.swift; path = MemorizeTests.swift; sourceTree = "<group>"; };
		2738EB672AF6D3CC00AFBFD7 /* MemorizeUITests.xctest */ = {isa = PBXFileReference; explicitFileType = wrapper.cfbundle; includeInIndex = 0; path = MemorizeUITests.xctest; sourceTree = BUILT_PRODUCTS_DIR; };
		2738EB6B2AF6D3CC00AFBFD7 /* MemorizeUITests.swift */ = {isa = PBXFileReference; lastKnownFileType = sourcecode.swift; path = MemorizeUITests.swift; sourceTree = "<group>"; };
		2738EB6D2AF6D3CC00AFBFD7 /* MemorizeUITestsLaunchTests.swift */ = {isa = PBXFileReference; lastKnownFileType = sourcecode.swift; path = MemorizeUITestsLaunchTests.swift; sourceTree = "<group>"; };
/* End PBXFileReference section */

/* Begin PBXFrameworksBuildPhase section */
		2738EB4A2AF6D3CB00AFBFD7 /* Frameworks */ = {
			isa = PBXFrameworksBuildPhase;
			buildActionMask = 2147483647;
			files = (
			);
			runOnlyForDeploymentPostprocessing = 0;
		};
		2738EB5A2AF6D3CC00AFBFD7 /* Frameworks */ = {
			isa = PBXFrameworksBuildPhase;
			buildActionMask = 2147483647;
			files = (
			);
			runOnlyForDeploymentPostprocessing = 0;
		};
		2738EB642AF6D3CC00AFBFD7 /* Frameworks */ = {
			isa = PBXFrameworksBuildPhase;
			buildActionMask = 2147483647;
			files = (
			);
			runOnlyForDeploymentPostprocessing = 0;
		};
/* End PBXFrameworksBuildPhase section */

/* Begin PBXGroup section */
		2738EB442AF6D3CB00AFBFD7 = {
			isa = PBXGroup;
			children = (
				2738EB4F2AF6D3CB00AFBFD7 /* Memorize */,
				2738EB602AF6D3CC00AFBFD7 /* MemorizeTests */,
				2738EB6A2AF6D3CC00AFBFD7 /* MemorizeUITests */,
				2738EB4E2AF6D3CB00AFBFD7 /* Products */,
			);
			sourceTree = "<group>";
		};
		2738EB4E2AF6D3CB00AFBFD7 /* Products */ = {
			isa = PBXGroup;
			children = (
				2738EB4D2AF6D3CB00AFBFD7 /* Memorize.app */,
				2738EB5D2AF6D3CC00AFBFD7 /* MemorizeTests.xctest */,
				2738EB672AF6D3CC00AFBFD7 /* MemorizeUITests.xctest */,
			);
			name = Products;
			sourceTree = "<group>";
		};
		2738EB4F2AF6D3CB00AFBFD7 /* Memorize */ = {
			isa = PBXGroup;
			children = (
				2738EB502AF6D3CB00AFBFD7 /* MemorizeApp.swift */,
				2738EB522AF6D3CB00AFBFD7 /* EmojiMemoryGameView.swift */,
				2715B6F82B4B54B000560968 /* MemoryGame.swift */,
				2715B6FA2B4B574200560968 /* EmojiMemoryGame.swift */,
				2738EB542AF6D3CC00AFBFD7 /* Assets.xcassets */,
				2738EB562AF6D3CC00AFBFD7 /* Preview Content */,
			);
			path = Memorize;
			sourceTree = "<group>";
		};
		2738EB562AF6D3CC00AFBFD7 /* Preview Content */ = {
			isa = PBXGroup;
			children = (
				2738EB572AF6D3CC00AFBFD7 /* Preview Assets.xcassets */,
			);
			path = "Preview Content";
			sourceTree = "<group>";
		};
		2738EB602AF6D3CC00AFBFD7 /* MemorizeTests */ = {
			isa = PBXGroup;
			children = (
				2738EB612AF6D3CC00AFBFD7 /* MemorizeTests.swift */,
			);
			path = MemorizeTests;
			sourceTree = "<group>";
		};
		2738EB6A2AF6D3CC00AFBFD7 /* MemorizeUITests */ = {
			isa = PBXGroup;
			children = (
				2738EB6B2AF6D3CC00AFBFD7 /* MemorizeUITests.swift */,
				2738EB6D2AF6D3CC00AFBFD7 /* MemorizeUITestsLaunchTests.swift */,
			);
			path = MemorizeUITests;
			sourceTree = "<group>";
		};
/* End PBXGroup section */

/* Begin PBXNativeTarget section */
		2738EB4C2AF6D3CB00AFBFD7 /* Memorize */ = {
			isa = PBXNativeTarget;
			buildConfigurationList = 2738EB712AF6D3CC00AFBFD7 /* Build configuration list for PBXNativeTarget "Memorize" */;
			buildPhases = (
				2738EB492AF6D3CB00AFBFD7 /* Sources */,
				2738EB4A2AF6D3CB00AFBFD7 /* Frameworks */,
				2738EB4B2AF6D3CB00AFBFD7 /* Resources */,
			);
			buildRules = (
			);
			dependencies = (
			);
			name = Memorize;
			productName = Memorize;
			productReference = 2738EB4D2AF6D3CB00AFBFD7 /* Memorize.app */;
			productType = "com.apple.product-type.application";
		};
		2738EB5C2AF6D3CC00AFBFD7 /* MemorizeTests */ = {
			isa = PBXNativeTarget;
			buildConfigurationList = 2738EB742AF6D3CC00AFBFD7 /* Build configuration list for PBXNativeTarget "MemorizeTests" */;
			buildPhases = (
				2738EB592AF6D3CC00AFBFD7 /* Sources */,
				2738EB5A2AF6D3CC00AFBFD7 /* Frameworks */,
				2738EB5B2AF6D3CC00AFBFD7 /* Resources */,
			);
			buildRules = (
			);
			dependencies = (
				2738EB5F2AF6D3CC00AFBFD7 /* PBXTargetDependency */,
			);
			name = MemorizeTests;
			productName = MemorizeTests;
			productReference = 2738EB5D2AF6D3CC00AFBFD7 /* MemorizeTests.xctest */;
			productType = "com.apple.product-type.bundle.unit-test";
		};
		2738EB662AF6D3CC00AFBFD7 /* MemorizeUITests */ = {
			isa = PBXNativeTarget;
			buildConfigurationList = 2738EB772AF6D3CC00AFBFD7 /* Build configuration list for PBXNativeTarget "MemorizeUITests" */;
			buildPhases = (
				2738EB632AF6D3CC00AFBFD7 /* Sources */,
				2738EB642AF6D3CC00AFBFD7 /* Frameworks */,
				2738EB652AF6D3CC00AFBFD7 /* Resources */,
			);
			buildRules = (
			);
			dependencies = (
				2738EB692AF6D3CC00AFBFD7 /* PBXTargetDependency */,
			);
			name = MemorizeUITests;
			productName = MemorizeUITests;
			productReference = 2738EB672AF6D3CC00AFBFD7 /* MemorizeUITests.xctest */;
			productType = "com.apple.product-type.bundle.ui-testing";
		};
/* End PBXNativeTarget section */

/* Begin PBXProject section */
		2738EB452AF6D3CB00AFBFD7 /* Project object */ = {
			isa = PBXProject;
			attributes = {
				BuildIndependentTargetsInParallel = 1;
				LastSwiftUpdateCheck = 1500;
				LastUpgradeCheck = 1500;
				TargetAttributes = {
					2738EB4C2AF6D3CB00AFBFD7 = {
						CreatedOnToolsVersion = 15.0.1;
					};
					2738EB5C2AF6D3CC00AFBFD7 = {
						CreatedOnToolsVersion = 15.0.1;
						TestTargetID = 2738EB4C2AF6D3CB00AFBFD7;
					};
					2738EB662AF6D3CC00AFBFD7 = {
						CreatedOnToolsVersion = 15.0.1;
						TestTargetID = 2738EB4C2AF6D3CB00AFBFD7;
					};
				};
			};
			buildConfigurationList = 2738EB482AF6D3CB00AFBFD7 /* Build configuration list for PBXProject "Memorize" */;
			compatibilityVersion = "Xcode 14.0";
			developmentRegion = en;
			hasScannedForEncodings = 0;
			knownRegions = (
				en,
				Base,
			);
			mainGroup = 2738EB442AF6D3CB00AFBFD7;
			productRefGroup = 2738EB4E2AF6D3CB00AFBFD7 /* Products */;
			projectDirPath = "";
			projectRoot = "";
			targets = (
				2738EB4C2AF6D3CB00AFBFD7 /* Memorize */,
				2738EB5C2AF6D3CC00AFBFD7 /* MemorizeTests */,
				2738EB662AF6D3CC00AFBFD7 /* MemorizeUITests */,
			);
		};
/* End PBXProject section */

/* Begin PBXResourcesBuildPhase section */
		2738EB4B2AF6D3CB00AFBFD7 /* Resources */ = {
			isa = PBXResourcesBuildPhase;
			buildActionMask = 2147483647;
			files = (
				2738EB582AF6D3CC00AFBFD7 /* Preview Assets.xcassets in Resources */,
				2738EB552AF6D3CC00AFBFD7 /* Assets.xcassets in Resources */,
			);
			runOnlyForDeploymentPostprocessing = 0;
		};
		2738EB5B2AF6D3CC00AFBFD7 /* Resources */ = {
			isa = PBXResourcesBuildPhase;
			buildActionMask = 2147483647;
			files = (
			);
			runOnlyForDeploymentPostprocessing = 0;
		};
		2738EB652AF6D3CC00AFBFD7 /* Resources */ = {
			isa = PBXResourcesBuildPhase;
			buildActionMask = 2147483647;
			files = (
			);
			runOnlyForDeploymentPostprocessing = 0;
		};
/* End PBXResourcesBuildPhase section */

/* Begin PBXSourcesBuildPhase section */
		2738EB492AF6D3CB00AFBFD7 /* Sources */ = {
			isa = PBXSourcesBuildPhase;
			buildActionMask = 2147483647;
			files = (
				2738EB532AF6D3CB00AFBFD7 /* EmojiMemoryGameView.swift in Sources */,
				2738EB512AF6D3CB00AFBFD7 /* MemorizeApp.swift in Sources */,
				2715B6F92B4B54B000560968 /* MemoryGame.swift in Sources */,
				2715B6FB2B4B574200560968 /* EmojiMemoryGame.swift in Sources */,
			);
			runOnlyForDeploymentPostprocessing = 0;
		};
		2738EB592AF6D3CC00AFBFD7 /* Sources */ = {
			isa = PBXSourcesBuildPhase;
			buildActionMask = 2147483647;
			files = (
				2738EB622AF6D3CC00AFBFD7 /* MemorizeTests.swift in Sources */,
			);
			runOnlyForDeploymentPostprocessing = 0;
		};
		2738EB632AF6D3CC00AFBFD7 /* Sources */ = {
			isa = PBXSourcesBuildPhase;
			buildActionMask = 2147483647;
			files = (
				2738EB6E2AF6D3CC00AFBFD7 /* MemorizeUITestsLaunchTests.swift in Sources */,
				2738EB6C2AF6D3CC00AFBFD7 /* MemorizeUITests.swift in Sources */,
			);
			runOnlyForDeploymentPostprocessing = 0;
		};
/* End PBXSourcesBuildPhase section */

/* Begin PBXTargetDependency section */
		2738EB5F2AF6D3CC00AFBFD7 /* PBXTargetDependency */ = {
			isa = PBXTargetDependency;
			target = 2738EB4C2AF6D3CB00AFBFD7 /* Memorize */;
			targetProxy = 2738EB5E2AF6D3CC00AFBFD7 /* PBXContainerItemProxy */;
		};
		2738EB692AF6D3CC00AFBFD7 /* PBXTargetDependency */ = {
			isa = PBXTargetDependency;
			target = 2738EB4C2AF6D3CB00AFBFD7 /* Memorize */;
			targetProxy = 2738EB682AF6D3CC00AFBFD7 /* PBXContainerItemProxy */;
		};
/* End PBXTargetDependency section */

/* Begin XCBuildConfiguration section */
		2738EB6F2AF6D3CC00AFBFD7 /* Debug */ = {
			isa = XCBuildConfiguration;
			buildSettings = {
				ALWAYS_SEARCH_USER_PATHS = NO;
				ASSETCATALOG_COMPILER_GENERATE_SWIFT_ASSET_SYMBOL_EXTENSIONS = YES;
				CLANG_ANALYZER_NONNULL = YES;
				CLANG_ANALYZER_NUMBER_OBJECT_CONVERSION = YES_AGGRESSIVE;
				CLANG_CXX_LANGUAGE_STANDARD = "gnu++20";
				CLANG_ENABLE_MODULES = YES;
				CLANG_ENABLE_OBJC_ARC = YES;
				CLANG_ENABLE_OBJC_WEAK = YES;
				CLANG_WARN_BLOCK_CAPTURE_AUTORELEASING = YES;
				CLANG_WARN_BOOL_CONVERSION = YES;
				CLANG_WARN_COMMA = YES;
				CLANG_WARN_CONSTANT_CONVERSION = YES;
				CLANG_WARN_DEPRECATED_OBJC_IMPLEMENTATIONS = YES;
				CLANG_WARN_DIRECT_OBJC_ISA_USAGE = YES_ERROR;
				CLANG_WARN_DOCUMENTATION_COMMENTS = YES;
				CLANG_WARN_EMPTY_BODY = YES;
				CLANG_WARN_ENUM_CONVERSION = YES;
				CLANG_WARN_INFINITE_RECURSION = YES;
				CLANG_WARN_INT_CONVERSION = YES;
				CLANG_WARN_NON_LITERAL_NULL_CONVERSION = YES;
				CLANG_WARN_OBJC_IMPLICIT_RETAIN_SELF = YES;
				CLANG_WARN_OBJC_LITERAL_CONVERSION = YES;
				CLANG_WARN_OBJC_ROOT_CLASS = YES_ERROR;
				CLANG_WARN_QUOTED_INCLUDE_IN_FRAMEWORK_HEADER = YES;
				CLANG_WARN_RANGE_LOOP_ANALYSIS = YES;
				CLANG_WARN_STRICT_PROTOTYPES = YES;
				CLANG_WARN_SUSPICIOUS_MOVE = YES;
				CLANG_WARN_UNGUARDED_AVAILABILITY = YES_AGGRESSIVE;
				CLANG_WARN_UNREACHABLE_CODE = YES;
				CLANG_WARN__DUPLICATE_METHOD_MATCH = YES;
				COPY_PHASE_STRIP = NO;
				DEBUG_INFORMATION_FORMAT = dwarf;
				ENABLE_STRICT_OBJC_MSGSEND = YES;
				ENABLE_TESTABILITY = YES;
				ENABLE_USER_SCRIPT_SANDBOXING = YES;
				GCC_C_LANGUAGE_STANDARD = gnu17;
				GCC_DYNAMIC_NO_PIC = NO;
				GCC_NO_COMMON_BLOCKS = YES;
				GCC_OPTIMIZATION_LEVEL = 0;
				GCC_PREPROCESSOR_DEFINITIONS = (
					"DEBUG=1",
					"$(inherited)",
				);
				GCC_WARN_64_TO_32_BIT_CONVERSION = YES;
				GCC_WARN_ABOUT_RETURN_TYPE = YES_ERROR;
				GCC_WARN_UNDECLARED_SELECTOR = YES;
				GCC_WARN_UNINITIALIZED_AUTOS = YES_AGGRESSIVE;
				GCC_WARN_UNUSED_FUNCTION = YES;
				GCC_WARN_UNUSED_VARIABLE = YES;
				IPHONEOS_DEPLOYMENT_TARGET = 17.0;
				LOCALIZATION_PREFERS_STRING_CATALOGS = YES;
				MTL_ENABLE_DEBUG_INFO = INCLUDE_SOURCE;
				MTL_FAST_MATH = YES;
				ONLY_ACTIVE_ARCH = YES;
				SDKROOT = iphoneos;
				SWIFT_ACTIVE_COMPILATION_CONDITIONS = "DEBUG $(inherited)";
				SWIFT_OPTIMIZATION_LEVEL = "-Onone";
			};
			name = Debug;
		};
		2738EB702AF6D3CC00AFBFD7 /* Release */ = {
			isa = XCBuildConfiguration;
			buildSettings = {
				ALWAYS_SEARCH_USER_PATHS = NO;
				ASSETCATALOG_COMPILER_GENERATE_SWIFT_ASSET_SYMBOL_EXTENSIONS = YES;
				CLANG_ANALYZER_NONNULL = YES;
				CLANG_ANALYZER_NUMBER_OBJECT_CONVERSION = YES_AGGRESSIVE;
				CLANG_CXX_LANGUAGE_STANDARD = "gnu++20";
				CLANG_ENABLE_MODULES = YES;
				CLANG_ENABLE_OBJC_ARC = YES;
				CLANG_ENABLE_OBJC_WEAK = YES;
				CLANG_WARN_BLOCK_CAPTURE_AUTORELEASING = YES;
				CLANG_WARN_BOOL_CONVERSION = YES;
				CLANG_WARN_COMMA = YES;
				CLANG_WARN_CONSTANT_CONVERSION = YES;
				CLANG_WARN_DEPRECATED_OBJC_IMPLEMENTATIONS = YES;
				CLANG_WARN_DIRECT_OBJC_ISA_USAGE = YES_ERROR;
				CLANG_WARN_DOCUMENTATION_COMMENTS = YES;
				CLANG_WARN_EMPTY_BODY = YES;
				CLANG_WARN_ENUM_CONVERSION = YES;
				CLANG_WARN_INFINITE_RECURSION = YES;
				CLANG_WARN_INT_CONVERSION = YES;
				CLANG_WARN_NON_LITERAL_NULL_CONVERSION = YES;
				CLANG_WARN_OBJC_IMPLICIT_RETAIN_SELF = YES;
				CLANG_WARN_OBJC_LITERAL_CONVERSION = YES;
				CLANG_WARN_OBJC_ROOT_CLASS = YES_ERROR;
				CLANG_WARN_QUOTED_INCLUDE_IN_FRAMEWORK_HEADER = YES;
				CLANG_WARN_RANGE_LOOP_ANALYSIS = YES;
				CLANG_WARN_STRICT_PROTOTYPES = YES;
				CLANG_WARN_SUSPICIOUS_MOVE = YES;
				CLANG_WARN_UNGUARDED_AVAILABILITY = YES_AGGRESSIVE;
				CLANG_WARN_UNREACHABLE_CODE = YES;
				CLANG_WARN__DUPLICATE_METHOD_MATCH = YES;
				COPY_PHASE_STRIP = NO;
				DEBUG_INFORMATION_FORMAT = "dwarf-with-dsym";
				ENABLE_NS_ASSERTIONS = NO;
				ENABLE_STRICT_OBJC_MSGSEND = YES;
				ENABLE_USER_SCRIPT_SANDBOXING = YES;
				GCC_C_LANGUAGE_STANDARD = gnu17;
				GCC_NO_COMMON_BLOCKS = YES;
				GCC_WARN_64_TO_32_BIT_CONVERSION = YES;
				GCC_WARN_ABOUT_RETURN_TYPE = YES_ERROR;
				GCC_WARN_UNDECLARED_SELECTOR = YES;
				GCC_WARN_UNINITIALIZED_AUTOS = YES_AGGRESSIVE;
				GCC_WARN_UNUSED_FUNCTION = YES;
				GCC_WARN_UNUSED_VARIABLE = YES;
				IPHONEOS_DEPLOYMENT_TARGET = 17.0;
				LOCALIZATION_PREFERS_STRING_CATALOGS = YES;
				MTL_ENABLE_DEBUG_INFO = NO;
				MTL_FAST_MATH = YES;
				SDKROOT = iphoneos;
				SWIFT_COMPILATION_MODE = wholemodule;
				VALIDATE_PRODUCT = YES;
			};
			name = Release;
		};
		2738EB722AF6D3CC00AFBFD7 /* Debug */ = {
			isa = XCBuildConfiguration;
			buildSettings = {
				ASSETCATALOG_COMPILER_APPICON_NAME = AppIcon;
				ASSETCATALOG_COMPILER_GLOBAL_ACCENT_COLOR_NAME = AccentColor;
				CODE_SIGN_STYLE = Automatic;
				CURRENT_PROJECT_VERSION = 1;
				DEVELOPMENT_ASSET_PATHS = "\"Memorize/Preview Content\"";
				ENABLE_PREVIEWS = YES;
				GENERATE_INFOPLIST_FILE = YES;
				INFOPLIST_KEY_UIApplicationSceneManifest_Generation = YES;
				INFOPLIST_KEY_UIApplicationSupportsIndirectInputEvents = YES;
				INFOPLIST_KEY_UILaunchScreen_Generation = YES;
				INFOPLIST_KEY_UISupportedInterfaceOrientations_iPad = "UIInterfaceOrientationPortrait UIInterfaceOrientationPortraitUpsideDown UIInterfaceOrientationLandscapeLeft UIInterfaceOrientationLandscapeRight";
				INFOPLIST_KEY_UISupportedInterfaceOrientations_iPhone = "UIInterfaceOrientationPortrait UIInterfaceOrientationLandscapeLeft UIInterfaceOrientationLandscapeRight";
				IPHONEOS_DEPLOYMENT_TARGET = 17.0;
				LD_RUNPATH_SEARCH_PATHS = (
					"$(inherited)",
					"@executable_path/Frameworks",
				);
				MARKETING_VERSION = 1.0;
				PRODUCT_BUNDLE_IDENTIFIER = Delison.Memorize;
				PRODUCT_NAME = "$(TARGET_NAME)";
				SWIFT_EMIT_LOC_STRINGS = YES;
				SWIFT_VERSION = 5.0;
				TARGETED_DEVICE_FAMILY = "1,2";
			};
			name = Debug;
		};
		2738EB732AF6D3CC00AFBFD7 /* Release */ = {
			isa = XCBuildConfiguration;
			buildSettings = {
				ASSETCATALOG_COMPILER_APPICON_NAME = AppIcon;
				ASSETCATALOG_COMPILER_GLOBAL_ACCENT_COLOR_NAME = AccentColor;
				CODE_SIGN_STYLE = Automatic;
				CURRENT_PROJECT_VERSION = 1;
				DEVELOPMENT_ASSET_PATHS = "\"Memorize/Preview Content\"";
				ENABLE_PREVIEWS = YES;
				GENERATE_INFOPLIST_FILE = YES;
				INFOPLIST_KEY_UIApplicationSceneManifest_Generation = YES;
				INFOPLIST_KEY_UIApplicationSupportsIndirectInputEvents = YES;
				INFOPLIST_KEY_UILaunchScreen_Generation = YES;
				INFOPLIST_KEY_UISupportedInterfaceOrientations_iPad = "UIInterfaceOrientationPortrait UIInterfaceOrientationPortraitUpsideDown UIInterfaceOrientationLandscapeLeft UIInterfaceOrientationLandscapeRight";
				INFOPLIST_KEY_UISupportedInterfaceOrientations_iPhone = "UIInterfaceOrientationPortrait UIInterfaceOrientationLandscapeLeft UIInterfaceOrientationLandscapeRight";
				IPHONEOS_DEPLOYMENT_TARGET = 17.0;
				LD_RUNPATH_SEARCH_PATHS = (
					"$(inherited)",
					"@executable_path/Frameworks",
				);
				MARKETING_VERSION = 1.0;
				PRODUCT_BUNDLE_IDENTIFIER = Delison.Memorize;
				PRODUCT_NAME = "$(TARGET_NAME)";
				SWIFT_EMIT_LOC_STRINGS = YES;
				SWIFT_VERSION = 5.0;
				TARGETED_DEVICE_FAMILY = "1,2";
			};
			name = Release;
		};
		2738EB752AF6D3CC00AFBFD7 /* Debug */ = {
			isa = XCBuildConfiguration;
			buildSettings = {
				ALWAYS_EMBED_SWIFT_STANDARD_LIBRARIES = YES;
				BUNDLE_LOADER = "$(TEST_HOST)";
				CODE_SIGN_STYLE = Automatic;
				CURRENT_PROJECT_VERSION = 1;
				GENERATE_INFOPLIST_FILE = YES;
				IPHONEOS_DEPLOYMENT_TARGET = 17.0;
				MARKETING_VERSION = 1.0;
				PRODUCT_BUNDLE_IDENTIFIER = Delison.MemorizeTests;
				PRODUCT_NAME = "$(TARGET_NAME)";
				SWIFT_EMIT_LOC_STRINGS = NO;
				SWIFT_VERSION = 5.0;
				TARGETED_DEVICE_FAMILY = "1,2";
				TEST_HOST = "$(BUILT_PRODUCTS_DIR)/Memorize.app/$(BUNDLE_EXECUTABLE_FOLDER_PATH)/Memorize";
			};
			name = Debug;
		};
		2738EB762AF6D3CC00AFBFD7 /* Release */ = {
			isa = XCBuildConfiguration;
			buildSettings = {
				ALWAYS_EMBED_SWIFT_STANDARD_LIBRARIES = YES;
				BUNDLE_LOADER = "$(TEST_HOST)";
				CODE_SIGN_STYLE = Automatic;
				CURRENT_PROJECT_VERSION = 1;
				GENERATE_INFOPLIST_FILE = YES;
				IPHONEOS_DEPLOYMENT_TARGET = 17.0;
				MARKETING_VERSION = 1.0;
				PRODUCT_BUNDLE_IDENTIFIER = Delison.MemorizeTests;
				PRODUCT_NAME = "$(TARGET_NAME)";
				SWIFT_EMIT_LOC_STRINGS = NO;
				SWIFT_VERSION = 5.0;
				TARGETED_DEVICE_FAMILY = "1,2";
				TEST_HOST = "$(BUILT_PRODUCTS_DIR)/Memorize.app/$(BUNDLE_EXECUTABLE_FOLDER_PATH)/Memorize";
			};
			name = Release;
		};
		2738EB782AF6D3CC00AFBFD7 /* Debug */ = {
			isa = XCBuildConfiguration;
			buildSettings = {
				ALWAYS_EMBED_SWIFT_STANDARD_LIBRARIES = YES;
				CODE_SIGN_STYLE = Automatic;
				CURRENT_PROJECT_VERSION = 1;
				GENERATE_INFOPLIST_FILE = YES;
				MARKETING_VERSION = 1.0;
				PRODUCT_BUNDLE_IDENTIFIER = Delison.MemorizeUITests;
				PRODUCT_NAME = "$(TARGET_NAME)";
				SWIFT_EMIT_LOC_STRINGS = NO;
				SWIFT_VERSION = 5.0;
				TARGETED_DEVICE_FAMILY = "1,2";
				TEST_TARGET_NAME = Memorize;
			};
			name = Debug;
		};
		2738EB792AF6D3CC00AFBFD7 /* Release */ = {
			isa = XCBuildConfiguration;
			buildSettings = {
				ALWAYS_EMBED_SWIFT_STANDARD_LIBRARIES = YES;
				CODE_SIGN_STYLE = Automatic;
				CURRENT_PROJECT_VERSION = 1;
				GENERATE_INFOPLIST_FILE = YES;
				MARKETING_VERSION = 1.0;
				PRODUCT_BUNDLE_IDENTIFIER = Delison.MemorizeUITests;
				PRODUCT_NAME = "$(TARGET_NAME)";
				SWIFT_EMIT_LOC_STRINGS = NO;
				SWIFT_VERSION = 5.0;
				TARGETED_DEVICE_FAMILY = "1,2";
				TEST_TARGET_NAME = Memorize;
			};
			name = Release;
		};
/* End XCBuildConfiguration section */

/* Begin XCConfigurationList section */
		2738EB482AF6D3CB00AFBFD7 /* Build configuration list for PBXProject "Memorize" */ = {
			isa = XCConfigurationList;
			buildConfigurations = (
				2738EB6F2AF6D3CC00AFBFD7 /* Debug */,
				2738EB702AF6D3CC00AFBFD7 /* Release */,
			);
			defaultConfigurationIsVisible = 0;
			defaultConfigurationName = Release;
		};
		2738EB712AF6D3CC00AFBFD7 /* Build configuration list for PBXNativeTarget "Memorize" */ = {
			isa = XCConfigurationList;
			buildConfigurations = (
				2738EB722AF6D3CC00AFBFD7 /* Debug */,
				2738EB732AF6D3CC00AFBFD7 /* Release */,
			);
			defaultConfigurationIsVisible = 0;
			defaultConfigurationName = Release;
		};
		2738EB742AF6D3CC00AFBFD7 /* Build configuration list for PBXNativeTarget "MemorizeTests" */ = {
			isa = XCConfigurationList;
			buildConfigurations = (
				2738EB752AF6D3CC00AFBFD7 /* Debug */,
				2738EB762AF6D3CC00AFBFD7 /* Release */,
			);
			defaultConfigurationIsVisible = 0;
			defaultConfigurationName = Release;
		};
		2738EB772AF6D3CC00AFBFD7 /* Build configuration list for PBXNativeTarget "MemorizeUITests" */ = {
			isa = XCConfigurationList;
			buildConfigurations = (
				2738EB782AF6D3CC00AFBFD7 /* Debug */,
				2738EB792AF6D3CC00AFBFD7 /* Release */,
			);
			defaultConfigurationIsVisible = 0;
			defaultConfigurationName = Release;
		};
/* End XCConfigurationList section */
	};
	rootObject = 2738EB452AF6D3CB00AFBFD7 /* Project object */;
}
